// !$*UTF8*$!
{
	archiveVersion = 1;
	classes = {
	};
	objectVersion = 46;
	objects = {

/* Begin PBXBuildFile section */
		2A54411A1C824163006CE66C /* pop.framework in Frameworks */ = {isa = PBXBuildFile; fileRef = 2A5441191C824163006CE66C /* pop.framework */; };
		2ADEB1511C824042003559C4 /* fizzy.h in Headers */ = {isa = PBXBuildFile; fileRef = 2ADEB1501C824042003559C4 /* fizzy.h */; settings = {ATTRIBUTES = (Public, ); }; };
		2ADEB1581C824042003559C4 /* fizzy.framework in Frameworks */ = {isa = PBXBuildFile; fileRef = 2ADEB14D1C824042003559C4 /* fizzy.framework */; };
		2ADEB15D1C824042003559C4 /* fizzyTests.swift in Sources */ = {isa = PBXBuildFile; fileRef = 2ADEB15C1C824042003559C4 /* fizzyTests.swift */; };
		2ADEB16E1C82407E003559C4 /* ReadWriteProperty.swift in Sources */ = {isa = PBXBuildFile; fileRef = 2ADEB1691C82407E003559C4 /* ReadWriteProperty.swift */; };
		2ADEB1721C82407E003559C4 /* AnimationCurve.swift in Sources */ = {isa = PBXBuildFile; fileRef = 2ADEB16D1C82407E003559C4 /* AnimationCurve.swift */; };
		A949D0BF1CD8331900BC6A3A /* NSValueConvertible.swift in Sources */ = {isa = PBXBuildFile; fileRef = A949D0BE1CD8331900BC6A3A /* NSValueConvertible.swift */; };
		A97AB60A1CD859DA00F8529B /* CGFloatsConvertible.swift in Sources */ = {isa = PBXBuildFile; fileRef = A97AB6091CD859DA00F8529B /* CGFloatsConvertible.swift */; };
		A97AB60E1CD85A3700F8529B /* POPAnimatable.swift in Sources */ = {isa = PBXBuildFile; fileRef = A97AB60D1CD85A3700F8529B /* POPAnimatable.swift */; };
		A9CBA18C1CD30B3F004F1439 /* Animation.swift in Sources */ = {isa = PBXBuildFile; fileRef = A9CBA18B1CD30B3F004F1439 /* Animation.swift */; };
		A9CBA18E1CD30B64004F1439 /* AnimationSpec.swift in Sources */ = {isa = PBXBuildFile; fileRef = A9CBA18D1CD30B64004F1439 /* AnimationSpec.swift */; };
/* End PBXBuildFile section */

/* Begin PBXContainerItemProxy section */
		2ADEB1591C824042003559C4 /* PBXContainerItemProxy */ = {
			isa = PBXContainerItemProxy;
			containerPortal = 2ADEB1441C824041003559C4 /* Project object */;
			proxyType = 1;
			remoteGlobalIDString = 2ADEB14C1C824042003559C4;
			remoteInfo = PopSwift;
		};
/* End PBXContainerItemProxy section */

/* Begin PBXFileReference section */
		2A5441191C824163006CE66C /* pop.framework */ = {isa = PBXFileReference; lastKnownFileType = wrapper.framework; name = pop.framework; path = Carthage/Build/iOS/pop.framework; sourceTree = "<group>"; };
		2ADEB14D1C824042003559C4 /* fizzy.framework */ = {isa = PBXFileReference; explicitFileType = wrapper.framework; includeInIndex = 0; path = fizzy.framework; sourceTree = BUILT_PRODUCTS_DIR; };
		2ADEB1501C824042003559C4 /* fizzy.h */ = {isa = PBXFileReference; lastKnownFileType = sourcecode.c.h; path = fizzy.h; sourceTree = "<group>"; };
		2ADEB1521C824042003559C4 /* Info.plist */ = {isa = PBXFileReference; lastKnownFileType = text.plist.xml; path = Info.plist; sourceTree = "<group>"; };
		2ADEB1571C824042003559C4 /* fizzy.xctest */ = {isa = PBXFileReference; explicitFileType = wrapper.cfbundle; includeInIndex = 0; path = fizzy.xctest; sourceTree = BUILT_PRODUCTS_DIR; };
		2ADEB15C1C824042003559C4 /* fizzyTests.swift */ = {isa = PBXFileReference; lastKnownFileType = sourcecode.swift; path = fizzyTests.swift; sourceTree = "<group>"; };
		2ADEB15E1C824042003559C4 /* Info.plist */ = {isa = PBXFileReference; lastKnownFileType = text.plist.xml; path = Info.plist; sourceTree = "<group>"; };
		2ADEB1691C82407E003559C4 /* ReadWriteProperty.swift */ = {isa = PBXFileReference; fileEncoding = 4; lastKnownFileType = sourcecode.swift; path = ReadWriteProperty.swift; sourceTree = "<group>"; };
		2ADEB16D1C82407E003559C4 /* AnimationCurve.swift */ = {isa = PBXFileReference; fileEncoding = 4; lastKnownFileType = sourcecode.swift; path = AnimationCurve.swift; sourceTree = "<group>"; };
		A949D0BE1CD8331900BC6A3A /* NSValueConvertible.swift */ = {isa = PBXFileReference; fileEncoding = 4; lastKnownFileType = sourcecode.swift; path = NSValueConvertible.swift; sourceTree = "<group>"; };
		A97AB6091CD859DA00F8529B /* CGFloatsConvertible.swift */ = {isa = PBXFileReference; fileEncoding = 4; lastKnownFileType = sourcecode.swift; path = CGFloatsConvertible.swift; sourceTree = "<group>"; };
		A97AB60D1CD85A3700F8529B /* POPAnimatable.swift */ = {isa = PBXFileReference; fileEncoding = 4; lastKnownFileType = sourcecode.swift; path = POPAnimatable.swift; sourceTree = "<group>"; };
		A9CBA18B1CD30B3F004F1439 /* Animation.swift */ = {isa = PBXFileReference; fileEncoding = 4; lastKnownFileType = sourcecode.swift; path = Animation.swift; sourceTree = "<group>"; };
		A9CBA18D1CD30B64004F1439 /* AnimationSpec.swift */ = {isa = PBXFileReference; fileEncoding = 4; lastKnownFileType = sourcecode.swift; path = AnimationSpec.swift; sourceTree = "<group>"; };
/* End PBXFileReference section */

/* Begin PBXFrameworksBuildPhase section */
		2ADEB1491C824042003559C4 /* Frameworks */ = {
			isa = PBXFrameworksBuildPhase;
			buildActionMask = 2147483647;
			files = (
				2A54411A1C824163006CE66C /* pop.framework in Frameworks */,
			);
			runOnlyForDeploymentPostprocessing = 0;
		};
		2ADEB1541C824042003559C4 /* Frameworks */ = {
			isa = PBXFrameworksBuildPhase;
			buildActionMask = 2147483647;
			files = (
				2ADEB1581C824042003559C4 /* fizzy.framework in Frameworks */,
			);
			runOnlyForDeploymentPostprocessing = 0;
		};
/* End PBXFrameworksBuildPhase section */

/* Begin PBXGroup section */
		2ADEB1431C824041003559C4 = {
			isa = PBXGroup;
			children = (
				2A5441191C824163006CE66C /* pop.framework */,
				2ADEB14F1C824042003559C4 /* fizzy */,
				2ADEB15B1C824042003559C4 /* Tests */,
				2ADEB14E1C824042003559C4 /* Products */,
			);
			sourceTree = "<group>";
		};
		2ADEB14E1C824042003559C4 /* Products */ = {
			isa = PBXGroup;
			children = (
				2ADEB14D1C824042003559C4 /* fizzy.framework */,
				2ADEB1571C824042003559C4 /* fizzy.xctest */,
			);
			name = Products;
			sourceTree = "<group>";
		};
		2ADEB14F1C824042003559C4 /* fizzy */ = {
			isa = PBXGroup;
			children = (
				A97AB6081CD84D3800F8529B /* Convertibles */,
				2ADEB1501C824042003559C4 /* fizzy.h */,
				2ADEB1521C824042003559C4 /* Info.plist */,
				A9CBA18B1CD30B3F004F1439 /* Animation.swift */,
				A9CBA18D1CD30B64004F1439 /* AnimationSpec.swift */,
				2ADEB1691C82407E003559C4 /* ReadWriteProperty.swift */,
				2ADEB16D1C82407E003559C4 /* AnimationCurve.swift */,
			);
			path = fizzy;
			sourceTree = "<group>";
		};
		2ADEB15B1C824042003559C4 /* Tests */ = {
			isa = PBXGroup;
			children = (
				2ADEB15C1C824042003559C4 /* fizzyTests.swift */,
				2ADEB15E1C824042003559C4 /* Info.plist */,
			);
			name = Tests;
			path = fizzyTests;
			sourceTree = "<group>";
		};
		A97AB6081CD84D3800F8529B /* Convertibles */ = {
			isa = PBXGroup;
			children = (
				A949D0BE1CD8331900BC6A3A /* NSValueConvertible.swift */,
				A97AB6091CD859DA00F8529B /* CGFloatsConvertible.swift */,
				A97AB60D1CD85A3700F8529B /* POPAnimatable.swift */,
			);
			name = Convertibles;
			sourceTree = "<group>";
		};
/* End PBXGroup section */

/* Begin PBXHeadersBuildPhase section */
		2ADEB14A1C824042003559C4 /* Headers */ = {
			isa = PBXHeadersBuildPhase;
			buildActionMask = 2147483647;
			files = (
				2ADEB1511C824042003559C4 /* fizzy.h in Headers */,
			);
			runOnlyForDeploymentPostprocessing = 0;
		};
/* End PBXHeadersBuildPhase section */

/* Begin PBXNativeTarget section */
		2ADEB14C1C824042003559C4 /* fizzy */ = {
			isa = PBXNativeTarget;
			buildConfigurationList = 2ADEB1611C824042003559C4 /* Build configuration list for PBXNativeTarget "fizzy" */;
			buildPhases = (
				2ADEB1481C824042003559C4 /* Sources */,
				2ADEB1491C824042003559C4 /* Frameworks */,
				2ADEB14A1C824042003559C4 /* Headers */,
				2ADEB14B1C824042003559C4 /* Resources */,
				A929FA4A1CD7FB8D00B3DBDC /* ShellScript */,
			);
			buildRules = (
			);
			dependencies = (
			);
			name = fizzy;
			productName = PopSwift;
			productReference = 2ADEB14D1C824042003559C4 /* fizzy.framework */;
			productType = "com.apple.product-type.framework";
		};
		2ADEB1561C824042003559C4 /* fizzyTests */ = {
			isa = PBXNativeTarget;
			buildConfigurationList = 2ADEB1641C824042003559C4 /* Build configuration list for PBXNativeTarget "fizzyTests" */;
			buildPhases = (
				2ADEB1531C824042003559C4 /* Sources */,
				2ADEB1541C824042003559C4 /* Frameworks */,
				2ADEB1551C824042003559C4 /* Resources */,
			);
			buildRules = (
			);
			dependencies = (
				2ADEB15A1C824042003559C4 /* PBXTargetDependency */,
			);
			name = fizzyTests;
			productName = PopSwiftTests;
			productReference = 2ADEB1571C824042003559C4 /* fizzy.xctest */;
			productType = "com.apple.product-type.bundle.unit-test";
		};
/* End PBXNativeTarget section */

/* Begin PBXProject section */
		2ADEB1441C824041003559C4 /* Project object */ = {
			isa = PBXProject;
			attributes = {
				LastSwiftUpdateCheck = 0730;
				LastUpgradeCheck = 0730;
				ORGANIZATIONNAME = "James Taylor";
				TargetAttributes = {
					2ADEB14C1C824042003559C4 = {
						CreatedOnToolsVersion = 7.3;
					};
					2ADEB1561C824042003559C4 = {
						CreatedOnToolsVersion = 7.3;
					};
				};
			};
			buildConfigurationList = 2ADEB1471C824041003559C4 /* Build configuration list for PBXProject "fizzy" */;
			compatibilityVersion = "Xcode 3.2";
			developmentRegion = English;
			hasScannedForEncodings = 0;
			knownRegions = (
				en,
			);
			mainGroup = 2ADEB1431C824041003559C4;
			productRefGroup = 2ADEB14E1C824042003559C4 /* Products */;
			projectDirPath = "";
			projectRoot = "";
			targets = (
				2ADEB14C1C824042003559C4 /* fizzy */,
				2ADEB1561C824042003559C4 /* fizzyTests */,
			);
		};
/* End PBXProject section */

/* Begin PBXResourcesBuildPhase section */
		2ADEB14B1C824042003559C4 /* Resources */ = {
			isa = PBXResourcesBuildPhase;
			buildActionMask = 2147483647;
			files = (
			);
			runOnlyForDeploymentPostprocessing = 0;
		};
		2ADEB1551C824042003559C4 /* Resources */ = {
			isa = PBXResourcesBuildPhase;
			buildActionMask = 2147483647;
			files = (
			);
			runOnlyForDeploymentPostprocessing = 0;
		};
/* End PBXResourcesBuildPhase section */

/* Begin PBXShellScriptBuildPhase section */
		A929FA4A1CD7FB8D00B3DBDC /* ShellScript */ = {
			isa = PBXShellScriptBuildPhase;
			buildActionMask = 2147483647;
			files = (
			);
			inputPaths = (
				"$(SRCROOT)/Carthage/Build/iOS/pop.framework",
			);
			outputPaths = (
			);
			runOnlyForDeploymentPostprocessing = 0;
			shellPath = /bin/sh;
			shellScript = "/usr/local/bin/carthage copy-frameworks\n";
		};
/* End PBXShellScriptBuildPhase section */

/* Begin PBXSourcesBuildPhase section */
		2ADEB1481C824042003559C4 /* Sources */ = {
			isa = PBXSourcesBuildPhase;
			buildActionMask = 2147483647;
			files = (
				2ADEB1721C82407E003559C4 /* AnimationCurve.swift in Sources */,
				A9CBA18C1CD30B3F004F1439 /* Animation.swift in Sources */,
				A97AB60A1CD859DA00F8529B /* CGFloatsConvertible.swift in Sources */,
				2ADEB16E1C82407E003559C4 /* ReadWriteProperty.swift in Sources */,
				A97AB60E1CD85A3700F8529B /* POPAnimatable.swift in Sources */,
				A949D0BF1CD8331900BC6A3A /* NSValueConvertible.swift in Sources */,
				A9CBA18E1CD30B64004F1439 /* AnimationSpec.swift in Sources */,
			);
			runOnlyForDeploymentPostprocessing = 0;
		};
		2ADEB1531C824042003559C4 /* Sources */ = {
			isa = PBXSourcesBuildPhase;
			buildActionMask = 2147483647;
			files = (
				2ADEB15D1C824042003559C4 /* fizzyTests.swift in Sources */,
			);
			runOnlyForDeploymentPostprocessing = 0;
		};
/* End PBXSourcesBuildPhase section */

/* Begin PBXTargetDependency section */
		2ADEB15A1C824042003559C4 /* PBXTargetDependency */ = {
			isa = PBXTargetDependency;
			target = 2ADEB14C1C824042003559C4 /* fizzy */;
			targetProxy = 2ADEB1591C824042003559C4 /* PBXContainerItemProxy */;
		};
/* End PBXTargetDependency section */

/* Begin XCBuildConfiguration section */
		2ADEB15F1C824042003559C4 /* Debug */ = {
			isa = XCBuildConfiguration;
			buildSettings = {
				ALWAYS_SEARCH_USER_PATHS = NO;
				CLANG_ANALYZER_NONNULL = YES;
				CLANG_CXX_LANGUAGE_STANDARD = "gnu++0x";
				CLANG_CXX_LIBRARY = "libc++";
				CLANG_ENABLE_MODULES = YES;
				CLANG_ENABLE_OBJC_ARC = YES;
				CLANG_WARN_BOOL_CONVERSION = YES;
				CLANG_WARN_CONSTANT_CONVERSION = YES;
				CLANG_WARN_DIRECT_OBJC_ISA_USAGE = YES_ERROR;
				CLANG_WARN_EMPTY_BODY = YES;
				CLANG_WARN_ENUM_CONVERSION = YES;
				CLANG_WARN_INT_CONVERSION = YES;
				CLANG_WARN_OBJC_ROOT_CLASS = YES_ERROR;
				CLANG_WARN_UNREACHABLE_CODE = YES;
				CLANG_WARN__DUPLICATE_METHOD_MATCH = YES;
				"CODE_SIGN_IDENTITY[sdk=iphoneos*]" = "iPhone Developer";
				COPY_PHASE_STRIP = NO;
				CURRENT_PROJECT_VERSION = 1;
				DEBUG_INFORMATION_FORMAT = dwarf;
				ENABLE_STRICT_OBJC_MSGSEND = YES;
				ENABLE_TESTABILITY = YES;
				GCC_C_LANGUAGE_STANDARD = gnu99;
				GCC_DYNAMIC_NO_PIC = NO;
				GCC_NO_COMMON_BLOCKS = YES;
				GCC_OPTIMIZATION_LEVEL = 0;
				GCC_PREPROCESSOR_DEFINITIONS = (
					"DEBUG=1",
					"$(inherited)",
				);
				GCC_WARN_64_TO_32_BIT_CONVERSION = YES;
				GCC_WARN_ABOUT_RETURN_TYPE = YES_ERROR;
				GCC_WARN_UNDECLARED_SELECTOR = YES;
				GCC_WARN_UNINITIALIZED_AUTOS = YES_AGGRESSIVE;
				GCC_WARN_UNUSED_FUNCTION = YES;
				GCC_WARN_UNUSED_VARIABLE = YES;
				IPHONEOS_DEPLOYMENT_TARGET = 9.3;
				MTL_ENABLE_DEBUG_INFO = YES;
				ONLY_ACTIVE_ARCH = YES;
				SDKROOT = iphoneos;
				SWIFT_OPTIMIZATION_LEVEL = "-Onone";
				TARGETED_DEVICE_FAMILY = "1,2";
				VERSIONING_SYSTEM = "apple-generic";
				VERSION_INFO_PREFIX = "";
			};
			name = Debug;
		};
		2ADEB1601C824042003559C4 /* Release */ = {
			isa = XCBuildConfiguration;
			buildSettings = {
				ALWAYS_SEARCH_USER_PATHS = NO;
				CLANG_ANALYZER_NONNULL = YES;
				CLANG_CXX_LANGUAGE_STANDARD = "gnu++0x";
				CLANG_CXX_LIBRARY = "libc++";
				CLANG_ENABLE_MODULES = YES;
				CLANG_ENABLE_OBJC_ARC = YES;
				CLANG_WARN_BOOL_CONVERSION = YES;
				CLANG_WARN_CONSTANT_CONVERSION = YES;
				CLANG_WARN_DIRECT_OBJC_ISA_USAGE = YES_ERROR;
				CLANG_WARN_EMPTY_BODY = YES;
				CLANG_WARN_ENUM_CONVERSION = YES;
				CLANG_WARN_INT_CONVERSION = YES;
				CLANG_WARN_OBJC_ROOT_CLASS = YES_ERROR;
				CLANG_WARN_UNREACHABLE_CODE = YES;
				CLANG_WARN__DUPLICATE_METHOD_MATCH = YES;
				"CODE_SIGN_IDENTITY[sdk=iphoneos*]" = "iPhone Developer";
				COPY_PHASE_STRIP = NO;
				CURRENT_PROJECT_VERSION = 1;
				DEBUG_INFORMATION_FORMAT = "dwarf-with-dsym";
				ENABLE_NS_ASSERTIONS = NO;
				ENABLE_STRICT_OBJC_MSGSEND = YES;
				GCC_C_LANGUAGE_STANDARD = gnu99;
				GCC_NO_COMMON_BLOCKS = YES;
				GCC_WARN_64_TO_32_BIT_CONVERSION = YES;
				GCC_WARN_ABOUT_RETURN_TYPE = YES_ERROR;
				GCC_WARN_UNDECLARED_SELECTOR = YES;
				GCC_WARN_UNINITIALIZED_AUTOS = YES_AGGRESSIVE;
				GCC_WARN_UNUSED_FUNCTION = YES;
				GCC_WARN_UNUSED_VARIABLE = YES;
				IPHONEOS_DEPLOYMENT_TARGET = 9.3;
				MTL_ENABLE_DEBUG_INFO = NO;
				SDKROOT = iphoneos;
				TARGETED_DEVICE_FAMILY = "1,2";
				VALIDATE_PRODUCT = YES;
				VERSIONING_SYSTEM = "apple-generic";
				VERSION_INFO_PREFIX = "";
			};
			name = Release;
		};
		2ADEB1621C824042003559C4 /* Debug */ = {
			isa = XCBuildConfiguration;
			buildSettings = {
				CLANG_ENABLE_MODULES = YES;
				DEFINES_MODULE = YES;
				DYLIB_COMPATIBILITY_VERSION = 1;
				DYLIB_CURRENT_VERSION = 1;
				DYLIB_INSTALL_NAME_BASE = "@rpath";
				FRAMEWORK_SEARCH_PATHS = (
					"$(inherited)",
					"$(PROJECT_DIR)/Carthage/Build/iOS",
				);
				INFOPLIST_FILE = fizzy/Info.plist;
				INSTALL_PATH = "$(LOCAL_LIBRARY_DIR)/Frameworks";
				IPHONEOS_DEPLOYMENT_TARGET = 9.0;
				LD_RUNPATH_SEARCH_PATHS = "$(inherited) @executable_path/Frameworks @loader_path/Frameworks";
				PRODUCT_BUNDLE_IDENTIFIER = com.jameslintaylor.fizzy;
				PRODUCT_NAME = fizzy;
				SKIP_INSTALL = YES;
				SWIFT_OPTIMIZATION_LEVEL = "-Onone";
			};
			name = Debug;
		};
		2ADEB1631C824042003559C4 /* Release */ = {
			isa = XCBuildConfiguration;
			buildSettings = {
				CLANG_ENABLE_MODULES = YES;
				DEFINES_MODULE = YES;
				DYLIB_COMPATIBILITY_VERSION = 1;
				DYLIB_CURRENT_VERSION = 1;
				DYLIB_INSTALL_NAME_BASE = "@rpath";
				FRAMEWORK_SEARCH_PATHS = (
					"$(inherited)",
					"$(PROJECT_DIR)/Carthage/Build/iOS",
				);
				INFOPLIST_FILE = fizzy/Info.plist;
				INSTALL_PATH = "$(LOCAL_LIBRARY_DIR)/Frameworks";
				IPHONEOS_DEPLOYMENT_TARGET = 9.0;
				LD_RUNPATH_SEARCH_PATHS = "$(inherited) @executable_path/Frameworks @loader_path/Frameworks";
				PRODUCT_BUNDLE_IDENTIFIER = com.jameslintaylor.fizzy;
				PRODUCT_NAME = fizzy;
				SKIP_INSTALL = YES;
			};
			name = Release;
		};
		2ADEB1651C824042003559C4 /* Debug */ = {
			isa = XCBuildConfiguration;
			buildSettings = {
				INFOPLIST_FILE = fizzyTests/Info.plist;
				LD_RUNPATH_SEARCH_PATHS = "$(inherited) @executable_path/Frameworks @loader_path/Frameworks";
				PRODUCT_BUNDLE_IDENTIFIER = com.jameslintaylor.fizzyTests;
				PRODUCT_NAME = fizzy;
			};
			name = Debug;
		};
		2ADEB1661C824042003559C4 /* Release */ = {
			isa = XCBuildConfiguration;
			buildSettings = {
				INFOPLIST_FILE = fizzyTests/Info.plist;
				LD_RUNPATH_SEARCH_PATHS = "$(inherited) @executable_path/Frameworks @loader_path/Frameworks";
				PRODUCT_BUNDLE_IDENTIFIER = com.jameslintaylor.fizzyTests;
				PRODUCT_NAME = fizzy;
			};
			name = Release;
		};
/* End XCBuildConfiguration section */

/* Begin XCConfigurationList section */
		2ADEB1471C824041003559C4 /* Build configuration list for PBXProject "fizzy" */ = {
			isa = XCConfigurationList;
			buildConfigurations = (
				2ADEB15F1C824042003559C4 /* Debug */,
				2ADEB1601C824042003559C4 /* Release */,
			);
			defaultConfigurationIsVisible = 0;
			defaultConfigurationName = Release;
		};
		2ADEB1611C824042003559C4 /* Build configuration list for PBXNativeTarget "fizzy" */ = {
			isa = XCConfigurationList;
			buildConfigurations = (
				2ADEB1621C824042003559C4 /* Debug */,
				2ADEB1631C824042003559C4 /* Release */,
			);
			defaultConfigurationIsVisible = 0;
			defaultConfigurationName = Release;
		};
		2ADEB1641C824042003559C4 /* Build configuration list for PBXNativeTarget "fizzyTests" */ = {
			isa = XCConfigurationList;
			buildConfigurations = (
				2ADEB1651C824042003559C4 /* Debug */,
				2ADEB1661C824042003559C4 /* Release */,
			);
			defaultConfigurationIsVisible = 0;
			defaultConfigurationName = Release;
		};
/* End XCConfigurationList section */
	};
	rootObject = 2ADEB1441C824041003559C4 /* Project object */;
}
